github.com/fission-codes/go-bitset v0.0.0-20221109185446-f89ba214d272 h1:eUtAx9j76KdOrM4JEgOt+3nkHZTPyKI/T2j5yymyZtI=
github.com/fission-codes/go-bitset v0.0.0-20221109185446-f89ba214d272/go.mod h1:KDN1sAUjGxwiUtXf9ZmNAquasyh/wnX5MOHomHpeCbc=
github.com/fission-codes/go-bitset v0.0.0-20221114200840-e4e701863fc5 h1:2bDl+PBnrbONLwjiAEF5tSQGRHC8gEMsZSshM9Q7u3A=
github.com/fission-codes/go-bitset v0.0.0-20221114200840-e4e701863fc5/go.mod h1:KDN1sAUjGxwiUtXf9ZmNAquasyh/wnX5MOHomHpeCbc=
github.com/fission-codes/go-bitset v0.0.0-20221117212908-fdb519e34c69 h1:Ujv8azRtM6qIwyFxEXbUIQ88IOBEcohdWYGgNLppIYg=
github.com/fission-codes/go-bitset v0.0.0-20221117212908-fdb519e34c69/go.mod h1:KDN1sAUjGxwiUtXf9ZmNAquasyh/wnX5MOHomHpeCbc=
github.com/klauspost/cpuid/v2 v2.1.0 h1:eyi1Ad2aNJMW95zcSbmGg7Cg6cq3ADwLpMAP96d8rF0=
github.com/klauspost/cpuid/v2 v2.1.0/go.mod h1:RVVoqg1df56z8g3pUjL/3lE5UfnlrJX8tyFgg4nqhuY=
github.com/klauspost/cpuid/v2 v2.2.1 h1:U33DW0aiEj633gHYw3LoDNfkDiYnE5Q8M/TKJn2f2jI=
github.com/klauspost/cpuid/v2 v2.2.1/go.mod h1:RVVoqg1df56z8g3pUjL/3lE5UfnlrJX8tyFgg4nqhuY=
github.com/zeebo/assert v1.3.0 h1:g7C04CbJuIDKNPFHmsk4hwZDO5O+kntRxzaUoNXj+IQ=
github.com/zeebo/xxh3 v1.0.2 h1:xZmwmqxHZA8AI603jOQ0tMqmBr9lPeFwGg6d+xy9DC0=
github.com/zeebo/xxh3 v1.0.2/go.mod h1:5NWz9Sef7zIDm2JHfFlcQvNekmcEl9ekUZQQKCYaDcA=
golang.org/x/sys v0.0.0-20220704084225-05e143d24a9e/go.mod h1:oPkhp1MJrh7nUepCBck5+mAzfO9JrbApNNgaTdGDITg=
golang.org/x/sys v0.0.0-20220804214406-8e32c043e418 h1:9vYwv7OjYaky/tlAeD7C4oC9EsPTlaFl1H2jS++V+ME=
golang.org/x/sys v0.0.0-20220804214406-8e32c043e418/go.mod h1:oPkhp1MJrh7nUepCBck5+mAzfO9JrbApNNgaTdGDITg=
golang.org/x/sys v0.2.0 h1:ljd4t30dBnAvMZaQCevtY0xLLD0A+bRZXbgLMLU1F/A=
golang.org/x/sys v0.2.0/go.mod h1:oPkhp1MJrh7nUepCBck5+mAzfO9JrbApNNgaTdGDITg=
